
Microsoft Visual Studio Solution File, Format Version 12.00
# Visual Studio Version 17
VisualStudioVersion = 17.10.35027.167
MinimumVisualStudioVersion = 10.0.40219.1
Project("{FAE04EC0-301F-11D3-BF4B-00C04F79EFBC}") = "XO(SERVER)", "XO(SERVER)\XO(SERVER).csproj", "{466AE856-C25B-4DA1-8C74-32AD5976B79A}"
EndProject
Project("{FAE04EC0-301F-11D3-BF4B-00C04F79EFBC}") = "XO(CLIENT)", "XO(CLIENT)\XO(CLIENT).csproj", "{86710418-8981-4B95-B812-DA9A07BB63AD}"
EndProject
Global
	GlobalSection(SolutionConfigurationPlatforms) = preSolution
		Debug|Any CPU = Debug|Any CPU
		Release|Any CPU = Release|Any CPU
	EndGlobalSection
	GlobalSection(ProjectConfigurationPlatforms) = postSolution
		{466AE856-C25B-4DA1-8C74-32AD5976B79A}.Debug|Any CPU.ActiveCfg = Debug|Any CPU
		{466AE856-C25B-4DA1-8C74-32AD5976B79A}.Debug|Any CPU.Build.0 = Debug|Any CPU
		{466AE856-C25B-4DA1-8C74-32AD5976B79A}.Release|Any CPU.ActiveCfg = Release|Any CPU
		{466AE856-C25B-4DA1-8C74-32AD5976B79A}.Release|Any CPU.Build.0 = Release|Any CPU
		{86710418-8981-4B95-B812-DA9A07BB63AD}.Debug|Any CPU.ActiveCfg = Debug|Any CPU
		{86710418-8981-4B95-B812-DA9A07BB63AD}.Debug|Any CPU.Build.0 = Debug|Any CPU
		{86710418-8981-4B95-B812-DA9A07BB63AD}.Release|Any CPU.ActiveCfg = Release|Any CPU
		{86710418-8981-4B95-B812-DA9A07BB63AD}.Release|Any CPU.Build.0 = Release|Any CPU
	EndGlobalSection
	GlobalSection(SolutionProperties) = preSolution
		HideSolutionNode = FALSE
	EndGlobalSection
	GlobalSection(ExtensibilityGlobals) = postSolution
		SolutionGuid = {1ACBFE88-3A9A-4D9F-A209-312FDFB9A442}
	EndGlobalSection
EndGlobal
